{
  "requires": true,
  "lockfileVersion": 1,
  "dependencies": {
    "@rdfjs/data-model": {
      "version": "1.1.1",
      "resolved": "https://registry.npmjs.org/@rdfjs/data-model/-/data-model-1.1.1.tgz",
      "integrity": "sha512-4jb1zc77f27u/MLVhpE/zHR1uvdH4XElXG63rJP/kVnvKoHtVfyJSEqN9oRLANgqHJ9SNwKj9FXeNFZ4+GGfiw==",
      "requires": {
        "@types/rdf-js": "^2.0.1"
      }
    },
    "@types/node": {
      "version": "10.12.12",
      "resolved": "https://registry.npmjs.org/@types/node/-/node-10.12.12.tgz",
      "integrity": "sha512-Pr+6JRiKkfsFvmU/LK68oBRCQeEg36TyAbPhc2xpez24OOZZCuoIhWGTd39VZy6nGafSbxzGouFPTFD/rR1A0A=="
    },
    "@types/rdf-js": {
      "version": "2.0.1",
      "resolved": "https://registry.npmjs.org/@types/rdf-js/-/rdf-js-2.0.1.tgz",
      "integrity": "sha512-x3Qct8TPilUos4znM1gANmtTvjOFdDRItmpEM2Nu9QgAx258FN9k22OvOu2TmPzOlx8a1FLdEW3o33UXHQt5ow==",
      "requires": {
        "@types/node": "*"
      }
    },
    "JSONStream": {
      "version": "1.3.5",
      "resolved": "https://registry.npmjs.org/JSONStream/-/JSONStream-1.3.5.tgz",
      "integrity": "sha512-E+iruNOY8VV9s4JEbe1aNEm6MiszPRr/UfcHMz0TQh1BXSxHK+ASV1R6W4HpjBhSeS+54PIsAMCBmwD06LLsqQ==",
      "requires": {
        "jsonparse": "^1.2.0",
        "through": ">=2.2.7 <3"
      }
    },
    "ansi-styles": {
      "version": "3.2.1",
      "resolved": "https://registry.npmjs.org/ansi-styles/-/ansi-styles-3.2.1.tgz",
      "integrity": "sha512-VT0ZI6kZRdTh8YyJw3SMbYm/u+NqfsAxEpWO0Pf9sq8/e94WxxOpPKx9FR1FlyCtOVDNOQ+8ntlqFxiRc+r5qA==",
      "requires": {
        "color-convert": "^1.9.0"
      }
    },
    "arrayify-stream": {
      "version": "1.0.0",
      "resolved": "https://registry.npmjs.org/arrayify-stream/-/arrayify-stream-1.0.0.tgz",
      "integrity": "sha512-RP80ep76Lbew2wWN5ogrl2NluTnBVYYh2K3NNCcWfcmmUB7nBcNBctiJeEZAixp3I1vQ9H88iHZ9MbHSdkuupQ=="
    },
    "chalk": {
      "version": "2.3.2",
      "resolved": "https://registry.npmjs.org/chalk/-/chalk-2.3.2.tgz",
      "integrity": "sha512-ZM4j2/ld/YZDc3Ma8PgN7gyAk+kHMMMyzLNryCPGhWrsfAuDVeuid5bpRFTDgMH9JBK2lA4dyyAkkZYF/WcqDQ==",
      "requires": {
        "ansi-styles": "^3.2.1",
        "escape-string-regexp": "^1.0.5",
        "supports-color": "^5.3.0"
      }
    },
    "color-convert": {
      "version": "1.9.1",
      "resolved": "https://registry.npmjs.org/color-convert/-/color-convert-1.9.1.tgz",
      "integrity": "sha512-mjGanIiwQJskCC18rPR6OmrZ6fm2Lc7PeGFYwCmy5J34wC6F1PzdGL6xeMfmgicfYcNLGuVFA3WzXtIDCQSZxQ==",
      "requires": {
        "color-name": "^1.1.1"
      }
    },
    "color-name": {
      "version": "1.1.3",
      "resolved": "https://registry.npmjs.org/color-name/-/color-name-1.1.3.tgz",
      "integrity": "sha1-p9BVi9icQveV3UIyj3QIMcpTvCU="
    },
    "encoding": {
      "version": "0.1.12",
      "resolved": "https://registry.npmjs.org/encoding/-/encoding-0.1.12.tgz",
      "integrity": "sha1-U4tm8+5izRq1HsMjgp0flIDHS+s=",
      "requires": {
        "iconv-lite": "~0.4.13"
      }
    },
    "escape-string-regexp": {
      "version": "1.0.5",
      "resolved": "https://registry.npmjs.org/escape-string-regexp/-/escape-string-regexp-1.0.5.tgz",
      "integrity": "sha1-G2HAViGQqN/2rjuyzwIAyhMLhtQ="
    },
    "has-flag": {
      "version": "3.0.0",
      "resolved": "https://registry.npmjs.org/has-flag/-/has-flag-3.0.0.tgz",
      "integrity": "sha1-tdRU3CGZriJWmfNGfloH87lVuv0="
    },
    "iconv-lite": {
      "version": "0.4.19",
      "resolved": "https://registry.npmjs.org/iconv-lite/-/iconv-lite-0.4.19.tgz",
      "integrity": "sha512-oTZqweIP51xaGPI4uPa56/Pri/480R+mo7SeU+YETByQNhDG55ycFyNLIgta9vXhILrxXDmF7ZGhqZIcuN0gJQ=="
    },
    "is-stream": {
      "version": "1.1.0",
      "resolved": "https://registry.npmjs.org/is-stream/-/is-stream-1.1.0.tgz",
      "integrity": "sha1-EtSj3U5o4Lec6428hBc66A2RykQ="
    },
    "isomorphic-fetch": {
      "version": "2.2.1",
      "resolved": "https://registry.npmjs.org/isomorphic-fetch/-/isomorphic-fetch-2.2.1.tgz",
      "integrity": "sha1-YRrhrPFPXoH3KVB0coGf6XM1WKk=",
      "requires": {
        "node-fetch": "^1.0.1",
        "whatwg-fetch": ">=0.10.0"
      }
    },
    "jsonld-context-parser": {
      "version": "1.0.1",
      "resolved": "https://registry.npmjs.org/jsonld-context-parser/-/jsonld-context-parser-1.0.1.tgz",
      "integrity": "sha512-jOFJ3E0/Ugd84KrXnxka2qSVJYo/9xWDnS1HK8MRu/yd6/IvkAaDi8RC44W/anRArMzl7b7DVm+ZFf12vkD9yg==",
      "requires": {
        "isomorphic-fetch": "^2.2.1"
      }
    },
    "jsonparse": {
      "version": "1.3.1",
      "resolved": "https://registry.npmjs.org/jsonparse/-/jsonparse-1.3.1.tgz",
      "integrity": "sha1-P02uSpH6wxX3EGL4UhzCOfE2YoA="
    },
    "lodash.uniqwith": {
      "version": "4.5.0",
      "resolved": "https://registry.npmjs.org/lodash.uniqwith/-/lodash.uniqwith-4.5.0.tgz",
      "integrity": "sha1-egy/ZfQ7WShiWp1NDcVLGMrcfvM="
    },
    "log-symbols": {
      "version": "2.2.0",
      "resolved": "https://registry.npmjs.org/log-symbols/-/log-symbols-2.2.0.tgz",
      "integrity": "sha512-VeIAFslyIerEJLXHziedo2basKbMKtTw3vfn5IzG0XTjhAVEJyNHnL2p7vc+wBDSdQuUpNw3M2u6xb9QsAY5Eg==",
      "requires": {
        "chalk": "^2.0.1"
      }
    },
    "ms": {
      "version": "2.0.0",
      "resolved": "https://registry.npmjs.org/ms/-/ms-2.0.0.tgz",
      "integrity": "sha1-VgiurfwAvmwpAd9fmGF4jeDVl8g="
    },
    "n3": {
      "version": "1.1.1",
      "resolved": "https://registry.npmjs.org/n3/-/n3-1.1.1.tgz",
      "integrity": "sha512-GEJXn+wc0f4l2noP1N/rMUH9Gei1DQ8IDN03eBsH+uQKkNQUOLgL7ZJVaDjY+pP3LmbLxL1LpUg/AvZ7Kc7KVw=="
    },
    "node-fetch": {
      "version": "1.7.3",
      "resolved": "https://registry.npmjs.org/node-fetch/-/node-fetch-1.7.3.tgz",
      "integrity": "sha512-NhZ4CsKx7cYm2vSrBAr2PvFOe6sWDf0UYLRqA6svUYg7+/TSfVAu49jYC4BvQ4Sms9SZgdqGBgroqfDhJdTyKQ==",
      "requires": {
        "encoding": "^0.1.11",
        "is-stream": "^1.0.1"
      }
    },
    "node-web-streams": {
      "version": "0.2.2",
      "resolved": "https://registry.npmjs.org/node-web-streams/-/node-web-streams-0.2.2.tgz",
      "integrity": "sha1-CH52u+t+jcVmhrJdtOYMX/nbCR8=",
      "requires": {
        "is-stream": "^1.1.0",
        "web-streams-polyfill": "git://github.com/gwicke/web-streams-polyfill.git#spec_performance_improvements"
      }
    },
    "promise-polyfill": {
      "version": "1.1.6",
      "resolved": "https://registry.npmjs.org/promise-polyfill/-/promise-polyfill-1.1.6.tgz",
      "integrity": "sha1-zQTv9G9clcOn0EVZHXm14+AfEtc="
    },
    "rdf-isomorphic": {
      "version": "1.1.0",
      "resolved": "https://registry.npmjs.org/rdf-isomorphic/-/rdf-isomorphic-1.1.0.tgz",
      "integrity": "sha512-E4E3RJJ0RBBCDGJ6cx7httfnV0Z2xcdF81epe581xSvPsCe42qWYysZ6DKTkBTrmMjNeScNnDkjubLS5RSODtw==",
      "requires": {
        "rdf-string": "^1.3.1",
        "rdf-terms": "^1.4.0"
      }
    },
    "rdf-object": {
      "version": "1.1.0",
      "resolved": "https://registry.npmjs.org/rdf-object/-/rdf-object-1.1.0.tgz",
      "integrity": "sha512-pyzLpPrJFPlo9Tdg4z9KR9tceC0SEpLLDTjXH2fWjsYcmF6oNkYIuxrxcUvuj2Hy1NnRv8oN490rRRRwxUXj3Q==",
      "requires": {
        "@rdfjs/data-model": "^1.1.1",
        "jsonld-context-parser": "^1.0.0",
        "rdf-string": "^1.3.1",
        "streamify-array": "^1.0.1"
      }
    },
    "rdf-quad": {
      "version": "1.3.0",
      "resolved": "https://registry.npmjs.org/rdf-quad/-/rdf-quad-1.3.0.tgz",
      "integrity": "sha512-K4+Kp4/zG5GauKrOaMTt6HYdiT8aCW8r1PKGF5kiUpxfrH9YCzZT72Rn9NFP+CU3NbHU+n61AeZcuIefoyzc7g==",
      "requires": {
        "@rdfjs/data-model": "^1.1.1",
        "rdf-string": "^1.3.1"
      }
    },
    "rdf-string": {
      "version": "1.3.1",
      "resolved": "https://registry.npmjs.org/rdf-string/-/rdf-string-1.3.1.tgz",
      "integrity": "sha512-Pcw6aZRfto2cZodK5kSqFZW8mz6nfKLxSfjOSrTi5ajb2CSIwzqGx7UniysgKoV2i7tQL5dpPgCgY80upCiRUw==",
      "requires": {
        "@rdfjs/data-model": "^1.1.1"
      }
    },
    "rdf-terms": {
      "version": "1.4.0",
      "resolved": "https://registry.npmjs.org/rdf-terms/-/rdf-terms-1.4.0.tgz",
      "integrity": "sha512-xvi9ckIpZraUWs6MfTrjan3OCy5ec7cl12Hrhw1Q7t4NTMyKpiNbC0IqeisDiVCPHrX0e/AbSIibBnIA5VDpyw==",
      "requires": {
        "@rdfjs/data-model": "^1.1.1",
        "lodash.uniqwith": "^4.5.0"
      }
    },
    "rdf-test-suite": {
      "version": "1.2.0",
      "resolved": "https://registry.npmjs.org/rdf-test-suite/-/rdf-test-suite-1.2.0.tgz",
      "integrity": "sha512-wjQMOWE93Ox+FGAX1fgUJMRJpgA8EOH8zd9ceyByYuFVNm9GUinfVfW2gRTcDqUy9+fk24cYgdAyTKkiGCOhkA==",
      "requires": {
        "@rdfjs/data-model": "^1.1.1",
        "arrayify-stream": "^1.0.0",
        "isomorphic-fetch": "^2.2.1",
        "log-symbols": "^2.2.0",
        "minimist": "^1.2.0",
        "n3": "^1.0.0",
        "node-web-streams": "^0.2.2",
        "rdf-isomorphic": "^1.1.0",
        "rdf-object": "^1.1.0",
        "rdf-quad": "^1.3.0",
        "rdf-string": "^1.3.1",
        "rdf-terms": "^1.4.0",
        "rdfxml-streaming-parser": "^1.1.0",
        "sparqljson-parse": "^1.5.0",
        "sparqlxml-parse": "^1.2.0",
        "stream-to-string": "^1.1.0",
        "streamify-string": "^1.0.1"
      },
      "dependencies": {
        "minimist": {
          "version": "1.2.0",
          "resolved": "http://registry.npmjs.org/minimist/-/minimist-1.2.0.tgz",
          "integrity": "sha1-o1AIsg9BOD7sH7kU9M1d95omQoQ="
        }
      }
    },
    "rdfxml-streaming-parser": {
      "version": "1.1.0",
      "resolved": "https://registry.npmjs.org/rdfxml-streaming-parser/-/rdfxml-streaming-parser-1.1.0.tgz",
      "integrity": "sha512-0cMdocZQoqx6052vnFAh9fo0bVcRJbav6UVRCeAJiNQoRjNhvY/QwwIPPrk60h+oN7gUKJLk6adFQRBTjJJLqQ==",
      "requires": {
        "@rdfjs/data-model": "^1.1.1",
        "relative-to-absolute-iri": "^1.0.0",
        "sax": "^1.2.4"
      }
    },
    "relative-to-absolute-iri": {
      "version": "1.0.0",
      "resolved": "https://registry.npmjs.org/relative-to-absolute-iri/-/relative-to-absolute-iri-1.0.0.tgz",
      "integrity": "sha512-Yt4tG3eoy0R8111kS2G/jH3QE48U7RIAqGQLqek4LbA4MYKy5OXKVKJgAxu5tmZVengPHiaiP4R8tg1zZhXE+A=="
    },
    "sax": {
      "version": "1.2.4",
      "resolved": "https://registry.npmjs.org/sax/-/sax-1.2.4.tgz",
      "integrity": "sha512-NqVDv9TpANUjFm0N8uM5GxL36UgKi9/atZw+x7YFnQ8ckwFGKrl4xX4yWtrey3UJm5nP1kUbnYgLopqWNSRhWw=="
    },
    "sax-stream": {
      "version": "1.3.0",
      "resolved": "https://registry.npmjs.org/sax-stream/-/sax-stream-1.3.0.tgz",
      "integrity": "sha512-tcfsAAICAkyNNe4uiKtKmLKxx3C7qPAej13UUoN+7OLYq/P5kHGahZtJhhMVM3fIMndA6TlYHWFlFEzFkv1VGg==",
      "requires": {
        "debug": "~2",
        "sax": "~1"
      },
      "dependencies": {
        "debug": {
          "version": "2.6.9",
          "resolved": "https://registry.npmjs.org/debug/-/debug-2.6.9.tgz",
          "integrity": "sha512-bC7ElrdJaJnPbAP+1EotYvqZsb3ecl5wi6Bfi6BJTUcNowp6cvspg0jXznRTKDjm/E7AdgFBVeAPVMNcKGsHMA==",
          "requires": {
            "ms": "2.0.0"
          }
        }
      }
    },
    "sparqljson-parse": {
      "version": "1.5.0",
      "resolved": "https://registry.npmjs.org/sparqljson-parse/-/sparqljson-parse-1.5.0.tgz",
      "integrity": "sha512-9avQc1mfxhbNnLis4nW92CVeoX3vh7csIZw4WS7Zwlpgk++GHMeWIkGWc15mlFUoe97LosNkjGcJxEEkO7DHaw==",
      "requires": {
        "@rdfjs/data-model": "^1.1.1",
        "JSONStream": "^1.3.3"
      }
    },
    "sparqlxml-parse": {
      "version": "1.2.0",
      "resolved": "https://registry.npmjs.org/sparqlxml-parse/-/sparqlxml-parse-1.2.0.tgz",
      "integrity": "sha512-yRDYaRH5Fv6fHywWu8lG+WK2NLeg+p15DTjD5qkNq7njxJseKh2Eq1E1L9XvUEcwhR6aK5L8h07AO4lYA0BFFQ==",
      "requires": {
        "@rdfjs/data-model": "^1.1.1",
        "sax-stream": "^1.2.3"
      }
    },
    "stream-to-string": {
      "version": "1.1.0",
      "resolved": "https://registry.npmjs.org/stream-to-string/-/stream-to-string-1.1.0.tgz",
      "integrity": "sha1-OSELATF+ars16FRTjgEwN7ajWUA=",
      "requires": {
        "promise-polyfill": "^1.1.6"
      }
    },
    "streamify-array": {
      "version": "1.0.1",
      "resolved": "https://registry.npmjs.org/streamify-array/-/streamify-array-1.0.1.tgz",
      "integrity": "sha512-ZnswaBcC6B1bhPLSQOlC6CdaDUSzU0wr2lvvHpbHNms8V7+DLd8uEAzDAWpsjxbFkijBHhuObFO/qqu52DZUMA=="
    },
    "streamify-string": {
      "version": "1.0.1",
      "resolved": "https://registry.npmjs.org/streamify-string/-/streamify-string-1.0.1.tgz",
      "integrity": "sha1-niIN4z4cR13TDgIG9bGBXMbJUls="
    },
    "supports-color": {
      "version": "5.5.0",
      "resolved": "https://registry.npmjs.org/supports-color/-/supports-color-5.5.0.tgz",
      "integrity": "sha512-QjVjwdXIt408MIiAqCX4oUKsgU2EqAGzs2Ppkm4aQYbjm+ZEWEcW4SfFNTr4uMNZma0ey4f5lgLrkB0aX0QMow==",
      "requires": {
        "has-flag": "^3.0.0"
      }
    },
    "through": {
      "version": "2.3.8",
      "resolved": "https://registry.npmjs.org/through/-/through-2.3.8.tgz",
      "integrity": "sha1-DdTJ/6q8NXlgsbckEV1+Doai4fU="
    },
    "web-streams-polyfill": {
      "version": "git://github.com/gwicke/web-streams-polyfill.git#42c488428adea1dc0c0245014e4896ad456b1ded",
      "from": "git://github.com/gwicke/web-streams-polyfill.git#spec_performance_improvements"
    },
    "whatwg-fetch": {
      "version": "3.0.0",
      "resolved": "https://registry.npmjs.org/whatwg-fetch/-/whatwg-fetch-3.0.0.tgz",
      "integrity": "sha512-9GSJUgz1D4MfyKU7KRqwOjXCXTqWdFNvEr7eUBYchQiVc744mqK/MzXPNR2WsPkmkOa4ywfg8C2n8h+13Bey1Q=="
    }
  }
}
